// !$*UTF8*$!
{
	archiveVersion = 1;
	classes = {
	};
	objectVersion = 46;
	objects = {

/* Begin PBXBuildFile section */
		E718383C1F66887F0027E885 /* AppDelegate.swift in Sources */ = {isa = PBXBuildFile; fileRef = E718383B1F66887F0027E885 /* AppDelegate.swift */; };
		E718383E1F66887F0027E885 /* ViewController.swift in Sources */ = {isa = PBXBuildFile; fileRef = E718383D1F66887F0027E885 /* ViewController.swift */; };
		E71838411F66887F0027E885 /* Main.storyboard in Resources */ = {isa = PBXBuildFile; fileRef = E718383F1F66887F0027E885 /* Main.storyboard */; };
		E71838431F66887F0027E885 /* Assets.xcassets in Resources */ = {isa = PBXBuildFile; fileRef = E71838421F66887F0027E885 /* Assets.xcassets */; };
		E71838461F66887F0027E885 /* LaunchScreen.storyboard in Resources */ = {isa = PBXBuildFile; fileRef = E71838441F66887F0027E885 /* LaunchScreen.storyboard */; };
		E71838511F66887F0027E885 /* MapkitBasicsTests.swift in Sources */ = {isa = PBXBuildFile; fileRef = E71838501F66887F0027E885 /* MapkitBasicsTests.swift */; };
		E718385C1F66887F0027E885 /* MapkitBasicsUITests.swift in Sources */ = {isa = PBXBuildFile; fileRef = E718385B1F66887F0027E885 /* MapkitBasicsUITests.swift */; };
		E718386A1F6692240027E885 /* config.swift in Sources */ = {isa = PBXBuildFile; fileRef = E71838691F6692240027E885 /* config.swift */; };
/* End PBXBuildFile section */

/* Begin PBXContainerItemProxy section */
		E718384D1F66887F0027E885 /* PBXContainerItemProxy */ = {
			isa = PBXContainerItemProxy;
			containerPortal = E71838301F66887F0027E885 /* Project object */;
			proxyType = 1;
			remoteGlobalIDString = E71838371F66887F0027E885;
			remoteInfo = MapkitBasics;
		};
		E71838581F66887F0027E885 /* PBXContainerItemProxy */ = {
			isa = PBXContainerItemProxy;
			containerPortal = E71838301F66887F0027E885 /* Project object */;
			proxyType = 1;
			remoteGlobalIDString = E71838371F66887F0027E885;
			remoteInfo = MapkitBasics;
		};
/* End PBXContainerItemProxy section */

/* Begin PBXFileReference section */
		E71838381F66887F0027E885 /* MapkitBasics.app */ = {isa = PBXFileReference; explicitFileType = wrapper.application; includeInIndex = 0; path = MapkitBasics.app; sourceTree = BUILT_PRODUCTS_DIR; };
		E718383B1F66887F0027E885 /* AppDelegate.swift */ = {isa = PBXFileReference; lastKnownFileType = sourcecode.swift; path = AppDelegate.swift; sourceTree = "<group>"; };
		E718383D1F66887F0027E885 /* ViewController.swift */ = {isa = PBXFileReference; lastKnownFileType = sourcecode.swift; path = ViewController.swift; sourceTree = "<group>"; };
		E71838401F66887F0027E885 /* Base */ = {isa = PBXFileReference; lastKnownFileType = file.storyboard; name = Base; path = Base.lproj/Main.storyboard; sourceTree = "<group>"; };
		E71838421F66887F0027E885 /* Assets.xcassets */ = {isa = PBXFileReference; lastKnownFileType = folder.assetcatalog; path = Assets.xcassets; sourceTree = "<group>"; };
		E71838451F66887F0027E885 /* Base */ = {isa = PBXFileReference; lastKnownFileType = file.storyboard; name = Base; path = Base.lproj/LaunchScreen.storyboard; sourceTree = "<group>"; };
		E71838471F66887F0027E885 /* Info.plist */ = {isa = PBXFileReference; lastKnownFileType = text.plist.xml; path = Info.plist; sourceTree = "<group>"; };
		E718384C1F66887F0027E885 /* MapkitBasicsTests.xctest */ = {isa = PBXFileReference; explicitFileType = wrapper.cfbundle; includeInIndex = 0; path = MapkitBasicsTests.xctest; sourceTree = BUILT_PRODUCTS_DIR; };
		E71838501F66887F0027E885 /* MapkitBasicsTests.swift */ = {isa = PBXFileReference; lastKnownFileType = sourcecode.swift; path = MapkitBasicsTests.swift; sourceTree = "<group>"; };
		E71838521F66887F0027E885 /* Info.plist */ = {isa = PBXFileReference; lastKnownFileType = text.plist.xml; path = Info.plist; sourceTree = "<group>"; };
		E71838571F66887F0027E885 /* MapkitBasicsUITests.xctest */ = {isa = PBXFileReference; explicitFileType = wrapper.cfbundle; includeInIndex = 0; path = MapkitBasicsUITests.xctest; sourceTree = BUILT_PRODUCTS_DIR; };
		E718385B1F66887F0027E885 /* MapkitBasicsUITests.swift */ = {isa = PBXFileReference; lastKnownFileType = sourcecode.swift; path = MapkitBasicsUITests.swift; sourceTree = "<group>"; };
		E718385D1F66887F0027E885 /* Info.plist */ = {isa = PBXFileReference; lastKnownFileType = text.plist.xml; path = Info.plist; sourceTree = "<group>"; };
		E71838691F6692240027E885 /* config.swift */ = {isa = PBXFileReference; fileEncoding = 4; lastKnownFileType = sourcecode.swift; path = config.swift; sourceTree = "<group>"; };
/* End PBXFileReference section */

/* Begin PBXFrameworksBuildPhase section */
		E71838351F66887F0027E885 /* Frameworks */ = {
			isa = PBXFrameworksBuildPhase;
			buildActionMask = 2147483647;
			files = (
			);
			runOnlyForDeploymentPostprocessing = 0;
		};
		E71838491F66887F0027E885 /* Frameworks */ = {
			isa = PBXFrameworksBuildPhase;
			buildActionMask = 2147483647;
			files = (
			);
			runOnlyForDeploymentPostprocessing = 0;
		};
		E71838541F66887F0027E885 /* Frameworks */ = {
			isa = PBXFrameworksBuildPhase;
			buildActionMask = 2147483647;
			files = (
			);
			runOnlyForDeploymentPostprocessing = 0;
		};
/* End PBXFrameworksBuildPhase section */

/* Begin PBXGroup section */
		E718382F1F66887F0027E885 = {
			isa = PBXGroup;
			children = (
				E718383A1F66887F0027E885 /* MapkitBasics */,
				E718384F1F66887F0027E885 /* MapkitBasicsTests */,
				E718385A1F66887F0027E885 /* MapkitBasicsUITests */,
				E71838391F66887F0027E885 /* Products */,
			);
			sourceTree = "<group>";
		};
		E71838391F66887F0027E885 /* Products */ = {
			isa = PBXGroup;
			children = (
				E71838381F66887F0027E885 /* MapkitBasics.app */,
				E718384C1F66887F0027E885 /* MapkitBasicsTests.xctest */,
				E71838571F66887F0027E885 /* MapkitBasicsUITests.xctest */,
			);
			name = Products;
			sourceTree = "<group>";
		};
		E718383A1F66887F0027E885 /* MapkitBasics */ = {
			isa = PBXGroup;
			children = (
				E718383B1F66887F0027E885 /* AppDelegate.swift */,
				E718383D1F66887F0027E885 /* ViewController.swift */,
				E71838691F6692240027E885 /* config.swift */,
				E718383F1F66887F0027E885 /* Main.storyboard */,
				E71838421F66887F0027E885 /* Assets.xcassets */,
				E71838441F66887F0027E885 /* LaunchScreen.storyboard */,
				E71838471F66887F0027E885 /* Info.plist */,
			);
			path = MapkitBasics;
			sourceTree = "<group>";
		};
		E718384F1F66887F0027E885 /* MapkitBasicsTests */ = {
			isa = PBXGroup;
			children = (
				E71838501F66887F0027E885 /* MapkitBasicsTests.swift */,
				E71838521F66887F0027E885 /* Info.plist */,
			);
			path = MapkitBasicsTests;
			sourceTree = "<group>";
		};
		E718385A1F66887F0027E885 /* MapkitBasicsUITests */ = {
			isa = PBXGroup;
			children = (
				E718385B1F66887F0027E885 /* MapkitBasicsUITests.swift */,
				E718385D1F66887F0027E885 /* Info.plist */,
			);
			path = MapkitBasicsUITests;
			sourceTree = "<group>";
		};
/* End PBXGroup section */

/* Begin PBXNativeTarget section */
		E71838371F66887F0027E885 /* MapkitBasics */ = {
			isa = PBXNativeTarget;
			buildConfigurationList = E71838601F66887F0027E885 /* Build configuration list for PBXNativeTarget "MapkitBasics" */;
			buildPhases = (
				E71838341F66887F0027E885 /* Sources */,
				E71838351F66887F0027E885 /* Frameworks */,
				E71838361F66887F0027E885 /* Resources */,
			);
			buildRules = (
			);
			dependencies = (
			);
			name = MapkitBasics;
			productName = MapkitBasics;
			productReference = E71838381F66887F0027E885 /* MapkitBasics.app */;
			productType = "com.apple.product-type.application";
		};
		E718384B1F66887F0027E885 /* MapkitBasicsTests */ = {
			isa = PBXNativeTarget;
			buildConfigurationList = E71838631F66887F0027E885 /* Build configuration list for PBXNativeTarget "MapkitBasicsTests" */;
			buildPhases = (
				E71838481F66887F0027E885 /* Sources */,
				E71838491F66887F0027E885 /* Frameworks */,
				E718384A1F66887F0027E885 /* Resources */,
			);
			buildRules = (
			);
			dependencies = (
				E718384E1F66887F0027E885 /* PBXTargetDependency */,
			);
			name = MapkitBasicsTests;
			productName = MapkitBasicsTests;
			productReference = E718384C1F66887F0027E885 /* MapkitBasicsTests.xctest */;
			productType = "com.apple.product-type.bundle.unit-test";
		};
		E71838561F66887F0027E885 /* MapkitBasicsUITests */ = {
			isa = PBXNativeTarget;
			buildConfigurationList = E71838661F66887F0027E885 /* Build configuration list for PBXNativeTarget "MapkitBasicsUITests" */;
			buildPhases = (
				E71838531F66887F0027E885 /* Sources */,
				E71838541F66887F0027E885 /* Frameworks */,
				E71838551F66887F0027E885 /* Resources */,
			);
			buildRules = (
			);
			dependencies = (
				E71838591F66887F0027E885 /* PBXTargetDependency */,
			);
			name = MapkitBasicsUITests;
			productName = MapkitBasicsUITests;
			productReference = E71838571F66887F0027E885 /* MapkitBasicsUITests.xctest */;
			productType = "com.apple.product-type.bundle.ui-testing";
		};
/* End PBXNativeTarget section */

/* Begin PBXProject section */
		E71838301F66887F0027E885 /* Project object */ = {
			isa = PBXProject;
			attributes = {
				LastSwiftUpdateCheck = 0830;
				LastUpgradeCheck = 0830;
				ORGANIZATIONNAME = "zhiwei xu";
				TargetAttributes = {
					E71838371F66887F0027E885 = {
						CreatedOnToolsVersion = 8.3.3;
						DevelopmentTeam = 92TX94SYB7;
						ProvisioningStyle = Automatic;
					};
					E718384B1F66887F0027E885 = {
						CreatedOnToolsVersion = 8.3.3;
						ProvisioningStyle = Automatic;
						TestTargetID = E71838371F66887F0027E885;
					};
					E71838561F66887F0027E885 = {
						CreatedOnToolsVersion = 8.3.3;
						ProvisioningStyle = Automatic;
						TestTargetID = E71838371F66887F0027E885;
					};
				};
			};
			buildConfigurationList = E71838331F66887F0027E885 /* Build configuration list for PBXProject "MapkitBasics" */;
			compatibilityVersion = "Xcode 3.2";
			developmentRegion = English;
			hasScannedForEncodings = 0;
			knownRegions = (
				en,
				Base,
			);
			mainGroup = E718382F1F66887F0027E885;
			productRefGroup = E71838391F66887F0027E885 /* Products */;
			projectDirPath = "";
			projectRoot = "";
			targets = (
				E71838371F66887F0027E885 /* MapkitBasics */,
				E718384B1F66887F0027E885 /* MapkitBasicsTests */,
				E71838561F66887F0027E885 /* MapkitBasicsUITests */,
			);
		};
/* End PBXProject section */

/* Begin PBXResourcesBuildPhase section */
		E71838361F66887F0027E885 /* Resources */ = {
			isa = PBXResourcesBuildPhase;
			buildActionMask = 2147483647;
			files = (
				E71838461F66887F0027E885 /* LaunchScreen.storyboard in Resources */,
				E71838431F66887F0027E885 /* Assets.xcassets in Resources */,
				E71838411F66887F0027E885 /* Main.storyboard in Resources */,
			);
			runOnlyForDeploymentPostprocessing = 0;
		};
		E718384A1F66887F0027E885 /* Resources */ = {
			isa = PBXResourcesBuildPhase;
			buildActionMask = 2147483647;
			files = (
			);
			runOnlyForDeploymentPostprocessing = 0;
		};
		E71838551F66887F0027E885 /* Resources */ = {
			isa = PBXResourcesBuildPhase;
			buildActionMask = 2147483647;
			files = (
			);
			runOnlyForDeploymentPostprocessing = 0;
		};
/* End PBXResourcesBuildPhase section */

/* Begin PBXSourcesBuildPhase section */
		E71838341F66887F0027E885 /* Sources */ = {
			isa = PBXSourcesBuildPhase;
			buildActionMask = 2147483647;
			files = (
				E718386A1F6692240027E885 /* config.swift in Sources */,
				E718383E1F66887F0027E885 /* ViewController.swift in Sources */,
				E718383C1F66887F0027E885 /* AppDelegate.swift in Sources */,
			);
			runOnlyForDeploymentPostprocessing = 0;
		};
		E71838481F66887F0027E885 /* Sources */ = {
			isa = PBXSourcesBuildPhase;
			buildActionMask = 2147483647;
			files = (
				E71838511F66887F0027E885 /* MapkitBasicsTests.swift in Sources */,
			);
			runOnlyForDeploymentPostprocessing = 0;
		};
		E71838531F66887F0027E885 /* Sources */ = {
			isa = PBXSourcesBuildPhase;
			buildActionMask = 2147483647;
			files = (
				E718385C1F66887F0027E885 /* MapkitBasicsUITests.swift in Sources */,
			);
			runOnlyForDeploymentPostprocessing = 0;
		};
/* End PBXSourcesBuildPhase section */

/* Begin PBXTargetDependency section */
		E718384E1F66887F0027E885 /* PBXTargetDependency */ = {
			isa = PBXTargetDependency;
			target = E71838371F66887F0027E885 /* MapkitBasics */;
			targetProxy = E718384D1F66887F0027E885 /* PBXContainerItemProxy */;
		};
		E71838591F66887F0027E885 /* PBXTargetDependency */ = {
			isa = PBXTargetDependency;
			target = E71838371F66887F0027E885 /* MapkitBasics */;
			targetProxy = E71838581F66887F0027E885 /* PBXContainerItemProxy */;
		};
/* End PBXTargetDependency section */

/* Begin PBXVariantGroup section */
		E718383F1F66887F0027E885 /* Main.storyboard */ = {
			isa = PBXVariantGroup;
			children = (
				E71838401F66887F0027E885 /* Base */,
			);
			name = Main.storyboard;
			sourceTree = "<group>";
		};
		E71838441F66887F0027E885 /* LaunchScreen.storyboard */ = {
			isa = PBXVariantGroup;
			children = (
				E71838451F66887F0027E885 /* Base */,
			);
			name = LaunchScreen.storyboard;
			sourceTree = "<group>";
		};
/* End PBXVariantGroup section */

/* Begin XCBuildConfiguration section */
		E718385E1F66887F0027E885 /* Debug */ = {
			isa = XCBuildConfiguration;
			buildSettings = {
				ALWAYS_SEARCH_USER_PATHS = NO;
				CLANG_ANALYZER_NONNULL = YES;
				CLANG_ANALYZER_NUMBER_OBJECT_CONVERSION = YES_AGGRESSIVE;
				CLANG_CXX_LANGUAGE_STANDARD = "gnu++0x";
				CLANG_CXX_LIBRARY = "libc++";
				CLANG_ENABLE_MODULES = YES;
				CLANG_ENABLE_OBJC_ARC = YES;
				CLANG_WARN_BOOL_CONVERSION = YES;
				CLANG_WARN_CONSTANT_CONVERSION = YES;
				CLANG_WARN_DIRECT_OBJC_ISA_USAGE = YES_ERROR;
				CLANG_WARN_DOCUMENTATION_COMMENTS = YES;
				CLANG_WARN_EMPTY_BODY = YES;
				CLANG_WARN_ENUM_CONVERSION = YES;
				CLANG_WARN_INFINITE_RECURSION = YES;
				CLANG_WARN_INT_CONVERSION = YES;
				CLANG_WARN_OBJC_ROOT_CLASS = YES_ERROR;
				CLANG_WARN_SUSPICIOUS_MOVE = YES;
				CLANG_WARN_UNREACHABLE_CODE = YES;
				CLANG_WARN__DUPLICATE_METHOD_MATCH = YES;
				"CODE_SIGN_IDENTITY[sdk=iphoneos*]" = "iPhone Developer";
				COPY_PHASE_STRIP = NO;
				DEBUG_INFORMATION_FORMAT = dwarf;
				ENABLE_STRICT_OBJC_MSGSEND = YES;
				ENABLE_TESTABILITY = YES;
				GCC_C_LANGUAGE_STANDARD = gnu99;
				GCC_DYNAMIC_NO_PIC = NO;
				GCC_NO_COMMON_BLOCKS = YES;
				GCC_OPTIMIZATION_LEVEL = 0;
				GCC_PREPROCESSOR_DEFINITIONS = (
					"DEBUG=1",
					"$(inherited)",
				);
				GCC_WARN_64_TO_32_BIT_CONVERSION = YES;
				GCC_WARN_ABOUT_RETURN_TYPE = YES_ERROR;
				GCC_WARN_UNDECLARED_SELECTOR = YES;
				GCC_WARN_UNINITIALIZED_AUTOS = YES_AGGRESSIVE;
				GCC_WARN_UNUSED_FUNCTION = YES;
				GCC_WARN_UNUSED_VARIABLE = YES;
				IPHONEOS_DEPLOYMENT_TARGET = 10.3;
				MTL_ENABLE_DEBUG_INFO = YES;
				ONLY_ACTIVE_ARCH = YES;
				SDKROOT = iphoneos;
				SWIFT_ACTIVE_COMPILATION_CONDITIONS = DEBUG;
				SWIFT_OPTIMIZATION_LEVEL = "-Onone";
				TARGETED_DEVICE_FAMILY = "1,2";
			};
			name = Debug;
		};
		E718385F1F66887F0027E885 /* Release */ = {
			isa = XCBuildConfiguration;
			buildSettings = {
				ALWAYS_SEARCH_USER_PATHS = NO;
				CLANG_ANALYZER_NONNULL = YES;
				CLANG_ANALYZER_NUMBER_OBJECT_CONVERSION = YES_AGGRESSIVE;
				CLANG_CXX_LANGUAGE_STANDARD = "gnu++0x";
				CLANG_CXX_LIBRARY = "libc++";
				CLANG_ENABLE_MODULES = YES;
				CLANG_ENABLE_OBJC_ARC = YES;
				CLANG_WARN_BOOL_CONVERSION = YES;
				CLANG_WARN_CONSTANT_CONVERSION = YES;
				CLANG_WARN_DIRECT_OBJC_ISA_USAGE = YES_ERROR;
				CLANG_WARN_DOCUMENTATION_COMMENTS = YES;
				CLANG_WARN_EMPTY_BODY = YES;
				CLANG_WARN_ENUM_CONVERSION = YES;
				CLANG_WARN_INFINITE_RECURSION = YES;
				CLANG_WARN_INT_CONVERSION = YES;
				CLANG_WARN_OBJC_ROOT_CLASS = YES_ERROR;
				CLANG_WARN_SUSPICIOUS_MOVE = YES;
				CLANG_WARN_UNREACHABLE_CODE = YES;
				CLANG_WARN__DUPLICATE_METHOD_MATCH = YES;
				"CODE_SIGN_IDENTITY[sdk=iphoneos*]" = "iPhone Developer";
				COPY_PHASE_STRIP = NO;
				DEBUG_INFORMATION_FORMAT = "dwarf-with-dsym";
				ENABLE_NS_ASSERTIONS = NO;
				ENABLE_STRICT_OBJC_MSGSEND = YES;
				GCC_C_LANGUAGE_STANDARD = gnu99;
				GCC_NO_COMMON_BLOCKS = YES;
				GCC_WARN_64_TO_32_BIT_CONVERSION = YES;
				GCC_WARN_ABOUT_RETURN_TYPE = YES_ERROR;
				GCC_WARN_UNDECLARED_SELECTOR = YES;
				GCC_WARN_UNINITIALIZED_AUTOS = YES_AGGRESSIVE;
				GCC_WARN_UNUSED_FUNCTION = YES;
				GCC_WARN_UNUSED_VARIABLE = YES;
				IPHONEOS_DEPLOYMENT_TARGET = 10.3;
				MTL_ENABLE_DEBUG_INFO = NO;
				SDKROOT = iphoneos;
				SWIFT_OPTIMIZATION_LEVEL = "-Owholemodule";
				TARGETED_DEVICE_FAMILY = "1,2";
				VALIDATE_PRODUCT = YES;
			};
			name = Release;
		};
		E71838611F66887F0027E885 /* Debug */ = {
			isa = XCBuildConfiguration;
			buildSettings = {
				ASSETCATALOG_COMPILER_APPICON_NAME = AppIcon;
				DEVELOPMENT_TEAM = 92TX94SYB7;
				INFOPLIST_FILE = MapkitBasics/Info.plist;
				LD_RUNPATH_SEARCH_PATHS = "$(inherited) @executable_path/Frameworks";
				PRODUCT_BUNDLE_IDENTIFIER = "-.MapkitBasics";
				PRODUCT_NAME = "$(TARGET_NAME)";
				SWIFT_VERSION = 3.0;
			};
			name = Debug;
		};
		E71838621F66887F0027E885 /* Release */ = {
			isa = XCBuildConfiguration;
			buildSettings = {
				ASSETCATALOG_COMPILER_APPICON_NAME = AppIcon;
				DEVELOPMENT_TEAM = 92TX94SYB7;
				INFOPLIST_FILE = MapkitBasics/Info.plist;
				LD_RUNPATH_SEARCH_PATHS = "$(inherited) @executable_path/Frameworks";
				PRODUCT_BUNDLE_IDENTIFIER = "-.MapkitBasics";
				PRODUCT_NAME = "$(TARGET_NAME)";
				SWIFT_VERSION = 3.0;
			};
			name = Release;
		};
		E71838641F66887F0027E885 /* Debug */ = {
			isa = XCBuildConfiguration;
			buildSettings = {
				ALWAYS_EMBED_SWIFT_STANDARD_LIBRARIES = YES;
				BUNDLE_LOADER = "$(TEST_HOST)";
				INFOPLIST_FILE = MapkitBasicsTests/Info.plist;
				LD_RUNPATH_SEARCH_PATHS = "$(inherited) @executable_path/Frameworks @loader_path/Frameworks";
				PRODUCT_BUNDLE_IDENTIFIER = "-.MapkitBasicsTests";
				PRODUCT_NAME = "$(TARGET_NAME)";
				SWIFT_VERSION = 3.0;
				TEST_HOST = "$(BUILT_PRODUCTS_DIR)/MapkitBasics.app/MapkitBasics";
			};
			name = Debug;
		};
		E71838651F66887F0027E885 /* Release */ = {
			isa = XCBuildConfiguration;
			buildSettings = {
				ALWAYS_EMBED_SWIFT_STANDARD_LIBRARIES = YES;
				BUNDLE_LOADER = "$(TEST_HOST)";
				INFOPLIST_FILE = MapkitBasicsTests/Info.plist;
				LD_RUNPATH_SEARCH_PATHS = "$(inherited) @executable_path/Frameworks @loader_path/Frameworks";
				PRODUCT_BUNDLE_IDENTIFIER = "-.MapkitBasicsTests";
				PRODUCT_NAME = "$(TARGET_NAME)";
				SWIFT_VERSION = 3.0;
				TEST_HOST = "$(BUILT_PRODUCTS_DIR)/MapkitBasics.app/MapkitBasics";
			};
			name = Release;
		};
		E71838671F66887F0027E885 /* Debug */ = {
			isa = XCBuildConfiguration;
			buildSettings = {
				ALWAYS_EMBED_SWIFT_STANDARD_LIBRARIES = YES;
				INFOPLIST_FILE = MapkitBasicsUITests/Info.plist;
				LD_RUNPATH_SEARCH_PATHS = "$(inherited) @executable_path/Frameworks @loader_path/Frameworks";
				PRODUCT_BUNDLE_IDENTIFIER = "-.MapkitBasicsUITests";
				PRODUCT_NAME = "$(TARGET_NAME)";
				SWIFT_VERSION = 3.0;
				TEST_TARGET_NAME = MapkitBasics;
			};
			name = Debug;
		};
		E71838681F66887F0027E885 /* Release */ = {
			isa = XCBuildConfiguration;
			buildSettings = {
				ALWAYS_EMBED_SWIFT_STANDARD_LIBRARIES = YES;
				INFOPLIST_FILE = MapkitBasicsUITests/Info.plist;
				LD_RUNPATH_SEARCH_PATHS = "$(inherited) @executable_path/Frameworks @loader_path/Frameworks";
				PRODUCT_BUNDLE_IDENTIFIER = "-.MapkitBasicsUITests";
				PRODUCT_NAME = "$(TARGET_NAME)";
				SWIFT_VERSION = 3.0;
				TEST_TARGET_NAME = MapkitBasics;
			};
			name = Release;
		};
/* End XCBuildConfiguration section */

/* Begin XCConfigurationList section */
		E71838331F66887F0027E885 /* Build configuration list for PBXProject "MapkitBasics" */ = {
			isa = XCConfigurationList;
			buildConfigurations = (
				E718385E1F66887F0027E885 /* Debug */,
				E718385F1F66887F0027E885 /* Release */,
			);
			defaultConfigurationIsVisible = 0;
			defaultConfigurationName = Release;
		};
		E71838601F66887F0027E885 /* Build configuration list for PBXNativeTarget "MapkitBasics" */ = {
			isa = XCConfigurationList;
			buildConfigurations = (
				E71838611F66887F0027E885 /* Debug */,
				E71838621F66887F0027E885 /* Release */,
			);
			defaultConfigurationIsVisible = 0;
		};
		E71838631F66887F0027E885 /* Build configuration list for PBXNativeTarget "MapkitBasicsTests" */ = {
			isa = XCConfigurationList;
			buildConfigurations = (
				E71838641F66887F0027E885 /* Debug */,
				E71838651F66887F0027E885 /* Release */,
			);
			defaultConfigurationIsVisible = 0;
		};
		E71838661F66887F0027E885 /* Build configuration list for PBXNativeTarget "MapkitBasicsUITests" */ = {
			isa = XCConfigurationList;
			buildConfigurations = (
				E71838671F66887F0027E885 /* Debug */,
				E71838681F66887F0027E885 /* Release */,
			);
			defaultConfigurationIsVisible = 0;
		};
/* End XCConfigurationList section */
	};
	rootObject = E71838301F66887F0027E885 /* Project object */;
}
